
Microsoft Visual Studio Solution File, Format Version 12.00
# Visual Studio 14
VisualStudioVersion = 14.0.24720.0
MinimumVisualStudioVersion = 10.0.40219.1
Project("{FAE04EC0-301F-11D3-BF4B-00C04F79EFBC}") = "ImageLoadingControl", "ImageLoadingControl\ImageLoadingControl.csproj", "{1BA9BDA6-0353-49E7-9943-9ABD8C89826E}"
EndProject
Project("{FAE04EC0-301F-11D3-BF4B-00C04F79EFBC}") = "Test", "Test\Test.csproj", "{7668215B-0A6D-4FD4-8638-372171EDA3DE}"
EndProject
Global
	GlobalSection(SolutionConfigurationPlatforms) = preSolution
		Debug|Any CPU = Debug|Any CPU
		Release|Any CPU = Release|Any CPU
	EndGlobalSection
	GlobalSection(ProjectConfigurationPlatforms) = postSolution
		{1BA9BDA6-0353-49E7-9943-9ABD8C89826E}.Debug|Any CPU.ActiveCfg = Debug|Any CPU
		{1BA9BDA6-0353-49E7-9943-9ABD8C89826E}.Debug|Any CPU.Build.0 = Debug|Any CPU
		{1BA9BDA6-0353-49E7-9943-9ABD8C89826E}.Release|Any CPU.ActiveCfg = Release|Any CPU
		{1BA9BDA6-0353-49E7-9943-9ABD8C89826E}.Release|Any CPU.Build.0 = Release|Any CPU
		{7668215B-0A6D-4FD4-8638-372171EDA3DE}.Debug|Any CPU.ActiveCfg = Debug|Any CPU
		{7668215B-0A6D-4FD4-8638-372171EDA3DE}.Debug|Any CPU.Build.0 = Debug|Any CPU
		{7668215B-0A6D-4FD4-8638-372171EDA3DE}.Release|Any CPU.ActiveCfg = Release|Any CPU
		{7668215B-0A6D-4FD4-8638-372171EDA3DE}.Release|Any CPU.Build.0 = Release|Any CPU
	EndGlobalSection
	GlobalSection(SolutionProperties) = preSolution
		HideSolutionNode = FALSE
	EndGlobalSection
EndGlobal
